
Microsoft Visual Studio Solution File, Format Version 12.00
# Visual Studio Version 17
VisualStudioVersion = 17.14.36518.9 d17.14
MinimumVisualStudioVersion = 10.0.40219.1
Project("{FAE04EC0-301F-11D3-BF4B-00C04F79EFBC}") = "wong_kheng_chuen_project", "wong_kheng_chuen_project\wong_kheng_chuen_project.csproj", "{01D0F479-D526-4976-9D67-933A36A5055E}"
EndProject
Global
	GlobalSection(SolutionConfigurationPlatforms) = preSolution
		Debug|Any CPU = Debug|Any CPU
		Release|Any CPU = Release|Any CPU
	EndGlobalSection
	GlobalSection(ProjectConfigurationPlatforms) = postSolution
		{01D0F479-D526-4976-9D67-933A36A5055E}.Debug|Any CPU.ActiveCfg = Debug|Any CPU
		{01D0F479-D526-4976-9D67-933A36A5055E}.Debug|Any CPU.Build.0 = Debug|Any CPU
		{01D0F479-D526-4976-9D67-933A36A5055E}.Release|Any CPU.ActiveCfg = Release|Any CPU
		{01D0F479-D526-4976-9D67-933A36A5055E}.Release|Any CPU.Build.0 = Release|Any CPU
	EndGlobalSection
	GlobalSection(SolutionProperties) = preSolution
		HideSolutionNode = FALSE
	EndGlobalSection
	GlobalSection(ExtensibilityGlobals) = postSolution
		SolutionGuid = {35994F8D-F0F1-4370-9259-FF36F65243E3}
	EndGlobalSection
EndGlobal
